
Microsoft Visual Studio Solution File, Format Version 12.00
# Visual Studio Version 16
VisualStudioVersion = 16.0.29318.209
MinimumVisualStudioVersion = 10.0.40219.1
Project("{FAE04EC0-301F-11D3-BF4B-00C04F79EFBC}") = "ООП 2.1", "ООП 2.1\ООП 2.1.csproj", "{51EE68D4-90AF-4FA4-945E-22FCF6593F6A}"
EndProject
Global
	GlobalSection(SolutionConfigurationPlatforms) = preSolution
		Debug|Any CPU = Debug|Any CPU
		Release|Any CPU = Release|Any CPU
	EndGlobalSection
	GlobalSection(ProjectConfigurationPlatforms) = postSolution
		{51EE68D4-90AF-4FA4-945E-22FCF6593F6A}.Debug|Any CPU.ActiveCfg = Debug|Any CPU
		{51EE68D4-90AF-4FA4-945E-22FCF6593F6A}.Debug|Any CPU.Build.0 = Debug|Any CPU
		{51EE68D4-90AF-4FA4-945E-22FCF6593F6A}.Release|Any CPU.ActiveCfg = Release|Any CPU
		{51EE68D4-90AF-4FA4-945E-22FCF6593F6A}.Release|Any CPU.Build.0 = Release|Any CPU
	EndGlobalSection
	GlobalSection(SolutionProperties) = preSolution
		HideSolutionNode = FALSE
	EndGlobalSection
	GlobalSection(ExtensibilityGlobals) = postSolution
		SolutionGuid = {7C4A6706-F28E-4BF5-8913-71EF1F3D453B}
	EndGlobalSection
EndGlobal
